
Microsoft Visual Studio Solution File, Format Version 12.00
# Visual Studio Version 17
VisualStudioVersion = 17.10.35027.167
MinimumVisualStudioVersion = 10.0.40219.1
Project("{9A19103F-16F7-4668-BE54-9A1E7A4F7556}") = "ToolsApp.Core", "ToolsApp.Core\ToolsApp.Core.csproj", "{FFA6CE11-25F5-4B9C-8FC0-0A4EC113A56D}"
EndProject
Project("{9A19103F-16F7-4668-BE54-9A1E7A4F7556}") = "ToolsApp.Models", "ToolsApp.Models\ToolsApp.Models.csproj", "{5B6DC4F1-96BF-48E6-AB14-1EE96E3678A3}"
EndProject
Project("{9A19103F-16F7-4668-BE54-9A1E7A4F7556}") = "ToolsApp.Data", "ToolsApp.Data\ToolsApp.Data.csproj", "{3906EBBF-02F2-43C4-B8FE-DE84E2423018}"
EndProject
Project("{9A19103F-16F7-4668-BE54-9A1E7A4F7556}") = "ToolsApp.Web", "ToolsApp.Web\ToolsApp.Web\ToolsApp.Web.csproj", "{B817647D-A383-4350-879E-4662C37FA317}"
EndProject
Project("{9A19103F-16F7-4668-BE54-9A1E7A4F7556}") = "ToolsApp.Web.Client", "ToolsApp.Web\ToolsApp.Web.Client\ToolsApp.Web.Client.csproj", "{1E05C647-3062-4648-9909-54F774B0D318}"
EndProject
Global
	GlobalSection(SolutionConfigurationPlatforms) = preSolution
		Debug|Any CPU = Debug|Any CPU
		Release|Any CPU = Release|Any CPU
	EndGlobalSection
	GlobalSection(ProjectConfigurationPlatforms) = postSolution
		{FFA6CE11-25F5-4B9C-8FC0-0A4EC113A56D}.Debug|Any CPU.ActiveCfg = Debug|Any CPU
		{FFA6CE11-25F5-4B9C-8FC0-0A4EC113A56D}.Debug|Any CPU.Build.0 = Debug|Any CPU
		{FFA6CE11-25F5-4B9C-8FC0-0A4EC113A56D}.Release|Any CPU.ActiveCfg = Release|Any CPU
		{FFA6CE11-25F5-4B9C-8FC0-0A4EC113A56D}.Release|Any CPU.Build.0 = Release|Any CPU
		{5B6DC4F1-96BF-48E6-AB14-1EE96E3678A3}.Debug|Any CPU.ActiveCfg = Debug|Any CPU
		{5B6DC4F1-96BF-48E6-AB14-1EE96E3678A3}.Debug|Any CPU.Build.0 = Debug|Any CPU
		{5B6DC4F1-96BF-48E6-AB14-1EE96E3678A3}.Release|Any CPU.ActiveCfg = Release|Any CPU
		{5B6DC4F1-96BF-48E6-AB14-1EE96E3678A3}.Release|Any CPU.Build.0 = Release|Any CPU
		{3906EBBF-02F2-43C4-B8FE-DE84E2423018}.Debug|Any CPU.ActiveCfg = Debug|Any CPU
		{3906EBBF-02F2-43C4-B8FE-DE84E2423018}.Debug|Any CPU.Build.0 = Debug|Any CPU
		{3906EBBF-02F2-43C4-B8FE-DE84E2423018}.Release|Any CPU.ActiveCfg = Release|Any CPU
		{3906EBBF-02F2-43C4-B8FE-DE84E2423018}.Release|Any CPU.Build.0 = Release|Any CPU
		{B817647D-A383-4350-879E-4662C37FA317}.Debug|Any CPU.ActiveCfg = Debug|Any CPU
		{B817647D-A383-4350-879E-4662C37FA317}.Debug|Any CPU.Build.0 = Debug|Any CPU
		{B817647D-A383-4350-879E-4662C37FA317}.Release|Any CPU.ActiveCfg = Release|Any CPU
		{B817647D-A383-4350-879E-4662C37FA317}.Release|Any CPU.Build.0 = Release|Any CPU
		{1E05C647-3062-4648-9909-54F774B0D318}.Debug|Any CPU.ActiveCfg = Debug|Any CPU
		{1E05C647-3062-4648-9909-54F774B0D318}.Debug|Any CPU.Build.0 = Debug|Any CPU
		{1E05C647-3062-4648-9909-54F774B0D318}.Release|Any CPU.ActiveCfg = Release|Any CPU
		{1E05C647-3062-4648-9909-54F774B0D318}.Release|Any CPU.Build.0 = Release|Any CPU
	EndGlobalSection
	GlobalSection(SolutionProperties) = preSolution
		HideSolutionNode = FALSE
	EndGlobalSection
	GlobalSection(ExtensibilityGlobals) = postSolution
		SolutionGuid = {F2DC593F-378B-4469-AC84-D342EF73426A}
	EndGlobalSection
EndGlobal
